// !$*UTF8*$!
{
	archiveVersion = 1;
	classes = {
	};
	objectVersion = 46;
	objects = {

/* Begin PBXBuildFile section */
		706774752AB676DC0D69DFC8 /* Pods_iOS_animations.framework in Frameworks */ = {isa = PBXBuildFile; fileRef = 8463E40A478A7C1314E00F4D /* Pods_iOS_animations.framework */; };
		C7362D8D212610D27B77B880 /* Pods_iOS_animationsUITests.framework in Frameworks */ = {isa = PBXBuildFile; fileRef = 1902FF6EA48931739995FEF6 /* Pods_iOS_animationsUITests.framework */; };
		EAAD4B9A624BBE2B7005A920 /* Pods_iOS_animationsTests.framework in Frameworks */ = {isa = PBXBuildFile; fileRef = 87BE3443AD739EDAFC1643A6 /* Pods_iOS_animationsTests.framework */; };
		F67819E81F3B55DF00F2D731 /* TranslationAnimationView.swift in Sources */ = {isa = PBXBuildFile; fileRef = F67819E71F3B55DF00F2D731 /* TranslationAnimationView.swift */; };
		F67819EA1F3B571E00F2D731 /* FadeAnimationView.swift in Sources */ = {isa = PBXBuildFile; fileRef = F67819E91F3B571E00F2D731 /* FadeAnimationView.swift */; };
		F67819EC1F3B5A6E00F2D731 /* RotateAnimationView.swift in Sources */ = {isa = PBXBuildFile; fileRef = F67819EB1F3B5A6E00F2D731 /* RotateAnimationView.swift */; };
		F67819EE1F3B6A8E00F2D731 /* ScaleAnimationView.swift in Sources */ = {isa = PBXBuildFile; fileRef = F67819ED1F3B6A8E00F2D731 /* ScaleAnimationView.swift */; };
		F67819F01F3B6B7E00F2D731 /* CombinedSimpleAnimationsView.swift in Sources */ = {isa = PBXBuildFile; fileRef = F67819EF1F3B6B7E00F2D731 /* CombinedSimpleAnimationsView.swift */; };
		F6A380961F3B22C60080BB87 /* AppDelegate.swift in Sources */ = {isa = PBXBuildFile; fileRef = F6A380951F3B22C60080BB87 /* AppDelegate.swift */; };
		F6A380981F3B22C60080BB87 /* BasicLayerAnimationsViewController.swift in Sources */ = {isa = PBXBuildFile; fileRef = F6A380971F3B22C60080BB87 /* BasicLayerAnimationsViewController.swift */; };
		F6A3809D1F3B22C60080BB87 /* Assets.xcassets in Resources */ = {isa = PBXBuildFile; fileRef = F6A3809C1F3B22C60080BB87 /* Assets.xcassets */; };
		F6A380A01F3B22C60080BB87 /* LaunchScreen.storyboard in Resources */ = {isa = PBXBuildFile; fileRef = F6A3809E1F3B22C60080BB87 /* LaunchScreen.storyboard */; };
		F6A380AB1F3B22C60080BB87 /* iOS_animationsTests.swift in Sources */ = {isa = PBXBuildFile; fileRef = F6A380AA1F3B22C60080BB87 /* iOS_animationsTests.swift */; };
		F6A380B61F3B22C60080BB87 /* iOS_animationsUITests.swift in Sources */ = {isa = PBXBuildFile; fileRef = F6A380B51F3B22C60080BB87 /* iOS_animationsUITests.swift */; };
		F6A4A03B1F3B388000D58027 /* BasicLayerAnimationsView.swift in Sources */ = {isa = PBXBuildFile; fileRef = F6A4A03A1F3B388000D58027 /* BasicLayerAnimationsView.swift */; };
		F6A4A03D1F3B39DD00D58027 /* SnapKit.framework in Frameworks */ = {isa = PBXBuildFile; fileRef = F6A4A03C1F3B39DD00D58027 /* SnapKit.framework */; };
		F6A4A03E1F3B39DD00D58027 /* SnapKit.framework in Embed Frameworks */ = {isa = PBXBuildFile; fileRef = F6A4A03C1F3B39DD00D58027 /* SnapKit.framework */; settings = {ATTRIBUTES = (CodeSignOnCopy, RemoveHeadersOnCopy, ); }; };
/* End PBXBuildFile section */

/* Begin PBXContainerItemProxy section */
		F6A380A71F3B22C60080BB87 /* PBXContainerItemProxy */ = {
			isa = PBXContainerItemProxy;
			containerPortal = F6A3808A1F3B22C60080BB87 /* Project object */;
			proxyType = 1;
			remoteGlobalIDString = F6A380911F3B22C60080BB87;
			remoteInfo = "iOS animations";
		};
		F6A380B21F3B22C60080BB87 /* PBXContainerItemProxy */ = {
			isa = PBXContainerItemProxy;
			containerPortal = F6A3808A1F3B22C60080BB87 /* Project object */;
			proxyType = 1;
			remoteGlobalIDString = F6A380911F3B22C60080BB87;
			remoteInfo = "iOS animations";
		};
/* End PBXContainerItemProxy section */

/* Begin PBXCopyFilesBuildPhase section */
		F6A4A03F1F3B39DD00D58027 /* Embed Frameworks */ = {
			isa = PBXCopyFilesBuildPhase;
			buildActionMask = 2147483647;
			dstPath = "";
			dstSubfolderSpec = 10;
			files = (
				F6A4A03E1F3B39DD00D58027 /* SnapKit.framework in Embed Frameworks */,
			);
			name = "Embed Frameworks";
			runOnlyForDeploymentPostprocessing = 0;
		};
/* End PBXCopyFilesBuildPhase section */

/* Begin PBXFileReference section */
		1902FF6EA48931739995FEF6 /* Pods_iOS_animationsUITests.framework */ = {isa = PBXFileReference; explicitFileType = wrapper.framework; includeInIndex = 0; path = Pods_iOS_animationsUITests.framework; sourceTree = BUILT_PRODUCTS_DIR; };
		1A0AA1BABC00F5B10A8B999B /* Pods-iOS animations.debug.xcconfig */ = {isa = PBXFileReference; includeInIndex = 1; lastKnownFileType = text.xcconfig; name = "Pods-iOS animations.debug.xcconfig"; path = "Pods/Target Support Files/Pods-iOS animations/Pods-iOS animations.debug.xcconfig"; sourceTree = "<group>"; };
		727E8B690EF1BBD80787F03F /* Pods-iOS animationsTests.release.xcconfig */ = {isa = PBXFileReference; includeInIndex = 1; lastKnownFileType = text.xcconfig; name = "Pods-iOS animationsTests.release.xcconfig"; path = "Pods/Target Support Files/Pods-iOS animationsTests/Pods-iOS animationsTests.release.xcconfig"; sourceTree = "<group>"; };
		8463E40A478A7C1314E00F4D /* Pods_iOS_animations.framework */ = {isa = PBXFileReference; explicitFileType = wrapper.framework; includeInIndex = 0; path = Pods_iOS_animations.framework; sourceTree = BUILT_PRODUCTS_DIR; };
		87BE3443AD739EDAFC1643A6 /* Pods_iOS_animationsTests.framework */ = {isa = PBXFileReference; explicitFileType = wrapper.framework; includeInIndex = 0; path = Pods_iOS_animationsTests.framework; sourceTree = BUILT_PRODUCTS_DIR; };
		A02FDAA1CD28A48EB7017D21 /* Pods-iOS animationsUITests.release.xcconfig */ = {isa = PBXFileReference; includeInIndex = 1; lastKnownFileType = text.xcconfig; name = "Pods-iOS animationsUITests.release.xcconfig"; path = "Pods/Target Support Files/Pods-iOS animationsUITests/Pods-iOS animationsUITests.release.xcconfig"; sourceTree = "<group>"; };
		B6BF3F04D7D2C0E2B1DAA1FB /* Pods-iOS animationsTests.debug.xcconfig */ = {isa = PBXFileReference; includeInIndex = 1; lastKnownFileType = text.xcconfig; name = "Pods-iOS animationsTests.debug.xcconfig"; path = "Pods/Target Support Files/Pods-iOS animationsTests/Pods-iOS animationsTests.debug.xcconfig"; sourceTree = "<group>"; };
		DC457BD180992BB3B0A79172 /* Pods-iOS animationsUITests.debug.xcconfig */ = {isa = PBXFileReference; includeInIndex = 1; lastKnownFileType = text.xcconfig; name = "Pods-iOS animationsUITests.debug.xcconfig"; path = "Pods/Target Support Files/Pods-iOS animationsUITests/Pods-iOS animationsUITests.debug.xcconfig"; sourceTree = "<group>"; };
		E5F99BE1142B6678F83164F6 /* Pods-iOS animations.release.xcconfig */ = {isa = PBXFileReference; includeInIndex = 1; lastKnownFileType = text.xcconfig; name = "Pods-iOS animations.release.xcconfig"; path = "Pods/Target Support Files/Pods-iOS animations/Pods-iOS animations.release.xcconfig"; sourceTree = "<group>"; };
		F67819E71F3B55DF00F2D731 /* TranslationAnimationView.swift */ = {isa = PBXFileReference; fileEncoding = 4; lastKnownFileType = sourcecode.swift; name = TranslationAnimationView.swift; path = BasicLayerAnimations/TranslationAnimationView.swift; sourceTree = "<group>"; };
		F67819E91F3B571E00F2D731 /* FadeAnimationView.swift */ = {isa = PBXFileReference; fileEncoding = 4; lastKnownFileType = sourcecode.swift; name = FadeAnimationView.swift; path = BasicLayerAnimations/FadeAnimationView.swift; sourceTree = "<group>"; };
		F67819EB1F3B5A6E00F2D731 /* RotateAnimationView.swift */ = {isa = PBXFileReference; fileEncoding = 4; lastKnownFileType = sourcecode.swift; name = RotateAnimationView.swift; path = BasicLayerAnimations/RotateAnimationView.swift; sourceTree = "<group>"; };
		F67819ED1F3B6A8E00F2D731 /* ScaleAnimationView.swift */ = {isa = PBXFileReference; fileEncoding = 4; lastKnownFileType = sourcecode.swift; name = ScaleAnimationView.swift; path = BasicLayerAnimations/ScaleAnimationView.swift; sourceTree = "<group>"; };
		F67819EF1F3B6B7E00F2D731 /* CombinedSimpleAnimationsView.swift */ = {isa = PBXFileReference; fileEncoding = 4; lastKnownFileType = sourcecode.swift; name = CombinedSimpleAnimationsView.swift; path = BasicLayerAnimations/CombinedSimpleAnimationsView.swift; sourceTree = "<group>"; };
		F6A380921F3B22C60080BB87 /* iOS animations.app */ = {isa = PBXFileReference; explicitFileType = wrapper.application; includeInIndex = 0; path = "iOS animations.app"; sourceTree = BUILT_PRODUCTS_DIR; };
		F6A380951F3B22C60080BB87 /* AppDelegate.swift */ = {isa = PBXFileReference; lastKnownFileType = sourcecode.swift; path = AppDelegate.swift; sourceTree = "<group>"; };
		F6A380971F3B22C60080BB87 /* BasicLayerAnimationsViewController.swift */ = {isa = PBXFileReference; lastKnownFileType = sourcecode.swift; path = BasicLayerAnimationsViewController.swift; sourceTree = "<group>"; };
		F6A3809C1F3B22C60080BB87 /* Assets.xcassets */ = {isa = PBXFileReference; lastKnownFileType = folder.assetcatalog; path = Assets.xcassets; sourceTree = "<group>"; };
		F6A3809F1F3B22C60080BB87 /* Base */ = {isa = PBXFileReference; lastKnownFileType = file.storyboard; name = Base; path = Base.lproj/LaunchScreen.storyboard; sourceTree = "<group>"; };
		F6A380A11F3B22C60080BB87 /* Info.plist */ = {isa = PBXFileReference; lastKnownFileType = text.plist.xml; path = Info.plist; sourceTree = "<group>"; };
		F6A380A61F3B22C60080BB87 /* iOS animationsTests.xctest */ = {isa = PBXFileReference; explicitFileType = wrapper.cfbundle; includeInIndex = 0; path = "iOS animationsTests.xctest"; sourceTree = BUILT_PRODUCTS_DIR; };
		F6A380AA1F3B22C60080BB87 /* iOS_animationsTests.swift */ = {isa = PBXFileReference; lastKnownFileType = sourcecode.swift; path = iOS_animationsTests.swift; sourceTree = "<group>"; };
		F6A380AC1F3B22C60080BB87 /* Info.plist */ = {isa = PBXFileReference; lastKnownFileType = text.plist.xml; path = Info.plist; sourceTree = "<group>"; };
		F6A380B11F3B22C60080BB87 /* iOS animationsUITests.xctest */ = {isa = PBXFileReference; explicitFileType = wrapper.cfbundle; includeInIndex = 0; path = "iOS animationsUITests.xctest"; sourceTree = BUILT_PRODUCTS_DIR; };
		F6A380B51F3B22C60080BB87 /* iOS_animationsUITests.swift */ = {isa = PBXFileReference; lastKnownFileType = sourcecode.swift; path = iOS_animationsUITests.swift; sourceTree = "<group>"; };
		F6A380B71F3B22C60080BB87 /* Info.plist */ = {isa = PBXFileReference; lastKnownFileType = text.plist.xml; path = Info.plist; sourceTree = "<group>"; };
		F6A4A03A1F3B388000D58027 /* BasicLayerAnimationsView.swift */ = {isa = PBXFileReference; fileEncoding = 4; lastKnownFileType = sourcecode.swift; name = BasicLayerAnimationsView.swift; path = BasicLayerAnimations/BasicLayerAnimationsView.swift; sourceTree = "<group>"; };
		F6A4A03C1F3B39DD00D58027 /* SnapKit.framework */ = {isa = PBXFileReference; lastKnownFileType = wrapper.framework; name = SnapKit.framework; path = Carthage/Build/iOS/SnapKit.framework; sourceTree = "<group>"; };
/* End PBXFileReference section */

/* Begin PBXFrameworksBuildPhase section */
		F6A3808F1F3B22C60080BB87 /* Frameworks */ = {
			isa = PBXFrameworksBuildPhase;
			buildActionMask = 2147483647;
			files = (
				706774752AB676DC0D69DFC8 /* Pods_iOS_animations.framework in Frameworks */,
				F6A4A03D1F3B39DD00D58027 /* SnapKit.framework in Frameworks */,
			);
			runOnlyForDeploymentPostprocessing = 0;
		};
		F6A380A31F3B22C60080BB87 /* Frameworks */ = {
			isa = PBXFrameworksBuildPhase;
			buildActionMask = 2147483647;
			files = (
				EAAD4B9A624BBE2B7005A920 /* Pods_iOS_animationsTests.framework in Frameworks */,
			);
			runOnlyForDeploymentPostprocessing = 0;
		};
		F6A380AE1F3B22C60080BB87 /* Frameworks */ = {
			isa = PBXFrameworksBuildPhase;
			buildActionMask = 2147483647;
			files = (
				C7362D8D212610D27B77B880 /* Pods_iOS_animationsUITests.framework in Frameworks */,
			);
			runOnlyForDeploymentPostprocessing = 0;
		};
/* End PBXFrameworksBuildPhase section */

/* Begin PBXGroup section */
		1D2CA7BC610DFB268A94BB03 /* Pods */ = {
			isa = PBXGroup;
			children = (
				1A0AA1BABC00F5B10A8B999B /* Pods-iOS animations.debug.xcconfig */,
				E5F99BE1142B6678F83164F6 /* Pods-iOS animations.release.xcconfig */,
				B6BF3F04D7D2C0E2B1DAA1FB /* Pods-iOS animationsTests.debug.xcconfig */,
				727E8B690EF1BBD80787F03F /* Pods-iOS animationsTests.release.xcconfig */,
				DC457BD180992BB3B0A79172 /* Pods-iOS animationsUITests.debug.xcconfig */,
				A02FDAA1CD28A48EB7017D21 /* Pods-iOS animationsUITests.release.xcconfig */,
			);
			name = Pods;
			sourceTree = "<group>";
		};
		F6633E3090A1A10C788F45C7 /* Frameworks */ = {
			isa = PBXGroup;
			children = (
				8463E40A478A7C1314E00F4D /* Pods_iOS_animations.framework */,
				87BE3443AD739EDAFC1643A6 /* Pods_iOS_animationsTests.framework */,
				1902FF6EA48931739995FEF6 /* Pods_iOS_animationsUITests.framework */,
			);
			name = Frameworks;
			sourceTree = "<group>";
		};
		F6A380891F3B22C60080BB87 = {
			isa = PBXGroup;
			children = (
				F6A4A03C1F3B39DD00D58027 /* SnapKit.framework */,
				F6A380941F3B22C60080BB87 /* iOS animations */,
				F6A380A91F3B22C60080BB87 /* iOS animationsTests */,
				F6A380B41F3B22C60080BB87 /* iOS animationsUITests */,
				F6A380931F3B22C60080BB87 /* Products */,
				1D2CA7BC610DFB268A94BB03 /* Pods */,
				F6633E3090A1A10C788F45C7 /* Frameworks */,
			);
			sourceTree = "<group>";
		};
		F6A380931F3B22C60080BB87 /* Products */ = {
			isa = PBXGroup;
			children = (
				F6A380921F3B22C60080BB87 /* iOS animations.app */,
				F6A380A61F3B22C60080BB87 /* iOS animationsTests.xctest */,
				F6A380B11F3B22C60080BB87 /* iOS animationsUITests.xctest */,
			);
			name = Products;
			sourceTree = "<group>";
		};
		F6A380941F3B22C60080BB87 /* iOS animations */ = {
			isa = PBXGroup;
			children = (
				F6A4A0391F3B386100D58027 /* BasicLayerAnimations */,
				F6A380951F3B22C60080BB87 /* AppDelegate.swift */,
				F6A380971F3B22C60080BB87 /* BasicLayerAnimationsViewController.swift */,
				F6A3809C1F3B22C60080BB87 /* Assets.xcassets */,
				F6A3809E1F3B22C60080BB87 /* LaunchScreen.storyboard */,
				F6A380A11F3B22C60080BB87 /* Info.plist */,
			);
			path = "iOS animations";
			sourceTree = "<group>";
		};
		F6A380A91F3B22C60080BB87 /* iOS animationsTests */ = {
			isa = PBXGroup;
			children = (
				F6A380AA1F3B22C60080BB87 /* iOS_animationsTests.swift */,
				F6A380AC1F3B22C60080BB87 /* Info.plist */,
			);
			path = "iOS animationsTests";
			sourceTree = "<group>";
		};
		F6A380B41F3B22C60080BB87 /* iOS animationsUITests */ = {
			isa = PBXGroup;
			children = (
				F6A380B51F3B22C60080BB87 /* iOS_animationsUITests.swift */,
				F6A380B71F3B22C60080BB87 /* Info.plist */,
			);
			path = "iOS animationsUITests";
			sourceTree = "<group>";
		};
		F6A4A0391F3B386100D58027 /* BasicLayerAnimations */ = {
			isa = PBXGroup;
			children = (
				F6A4A03A1F3B388000D58027 /* BasicLayerAnimationsView.swift */,
				F67819E71F3B55DF00F2D731 /* TranslationAnimationView.swift */,
				F67819E91F3B571E00F2D731 /* FadeAnimationView.swift */,
				F67819EB1F3B5A6E00F2D731 /* RotateAnimationView.swift */,
				F67819ED1F3B6A8E00F2D731 /* ScaleAnimationView.swift */,
				F67819EF1F3B6B7E00F2D731 /* CombinedSimpleAnimationsView.swift */,
			);
			name = BasicLayerAnimations;
			sourceTree = "<group>";
		};
/* End PBXGroup section */

/* Begin PBXNativeTarget section */
		F6A380911F3B22C60080BB87 /* iOS animations */ = {
			isa = PBXNativeTarget;
			buildConfigurationList = F6A380BA1F3B22C60080BB87 /* Build configuration list for PBXNativeTarget "iOS animations" */;
			buildPhases = (
				958F5757F9BFAE7D35283356 /* [CP] Check Pods Manifest.lock */,
				F6A3808E1F3B22C60080BB87 /* Sources */,
				F6A3808F1F3B22C60080BB87 /* Frameworks */,
				F6A380901F3B22C60080BB87 /* Resources */,
				F6A380C31F3B23FF0080BB87 /* Crashlytics */,
				120A7A773D18994EDBF91C3F /* [CP] Embed Pods Frameworks */,
				032CF9EE5A7A7AD5B7DBDDA1 /* [CP] Copy Pods Resources */,
				F60DF3A71F3B34800093A814 /* Carthage */,
				F6A4A03F1F3B39DD00D58027 /* Embed Frameworks */,
			);
			buildRules = (
			);
			dependencies = (
			);
			name = "iOS animations";
			productName = "iOS animations";
			productReference = F6A380921F3B22C60080BB87 /* iOS animations.app */;
			productType = "com.apple.product-type.application";
		};
		F6A380A51F3B22C60080BB87 /* iOS animationsTests */ = {
			isa = PBXNativeTarget;
			buildConfigurationList = F6A380BD1F3B22C60080BB87 /* Build configuration list for PBXNativeTarget "iOS animationsTests" */;
			buildPhases = (
				CF84397963A28CFCCC34EFDA /* [CP] Check Pods Manifest.lock */,
				F6A380A21F3B22C60080BB87 /* Sources */,
				F6A380A31F3B22C60080BB87 /* Frameworks */,
				F6A380A41F3B22C60080BB87 /* Resources */,
				0E660A65251BCE351939CA09 /* [CP] Embed Pods Frameworks */,
				AEF0B5047B08A36A6D32F4C2 /* [CP] Copy Pods Resources */,
			);
			buildRules = (
			);
			dependencies = (
				F6A380A81F3B22C60080BB87 /* PBXTargetDependency */,
			);
			name = "iOS animationsTests";
			productName = "iOS animationsTests";
			productReference = F6A380A61F3B22C60080BB87 /* iOS animationsTests.xctest */;
			productType = "com.apple.product-type.bundle.unit-test";
		};
		F6A380B01F3B22C60080BB87 /* iOS animationsUITests */ = {
			isa = PBXNativeTarget;
			buildConfigurationList = F6A380C01F3B22C60080BB87 /* Build configuration list for PBXNativeTarget "iOS animationsUITests" */;
			buildPhases = (
				15928CE85F67E0626BC87C37 /* [CP] Check Pods Manifest.lock */,
				F6A380AD1F3B22C60080BB87 /* Sources */,
				F6A380AE1F3B22C60080BB87 /* Frameworks */,
				F6A380AF1F3B22C60080BB87 /* Resources */,
				16F5151FC695C448E341B807 /* [CP] Embed Pods Frameworks */,
				93AAB07ADEB21336FC9D60B7 /* [CP] Copy Pods Resources */,
			);
			buildRules = (
			);
			dependencies = (
				F6A380B31F3B22C60080BB87 /* PBXTargetDependency */,
			);
			name = "iOS animationsUITests";
			productName = "iOS animationsUITests";
			productReference = F6A380B11F3B22C60080BB87 /* iOS animationsUITests.xctest */;
			productType = "com.apple.product-type.bundle.ui-testing";
		};
/* End PBXNativeTarget section */

/* Begin PBXProject section */
		F6A3808A1F3B22C60080BB87 /* Project object */ = {
			isa = PBXProject;
			attributes = {
				LastSwiftUpdateCheck = 0830;
				LastUpgradeCheck = 0830;
				ORGANIZATIONNAME = "Ivan Rep";
				TargetAttributes = {
					F6A380911F3B22C60080BB87 = {
						CreatedOnToolsVersion = 8.3.3;
						DevelopmentTeam = MDX989Y6D8;
						ProvisioningStyle = Automatic;
					};
					F6A380A51F3B22C60080BB87 = {
						CreatedOnToolsVersion = 8.3.3;
						DevelopmentTeam = MDX989Y6D8;
						ProvisioningStyle = Automatic;
						TestTargetID = F6A380911F3B22C60080BB87;
					};
					F6A380B01F3B22C60080BB87 = {
						CreatedOnToolsVersion = 8.3.3;
						DevelopmentTeam = MDX989Y6D8;
						ProvisioningStyle = Automatic;
						TestTargetID = F6A380911F3B22C60080BB87;
					};
				};
			};
			buildConfigurationList = F6A3808D1F3B22C60080BB87 /* Build configuration list for PBXProject "iOS animations" */;
			compatibilityVersion = "Xcode 3.2";
			developmentRegion = English;
			hasScannedForEncodings = 0;
			knownRegions = (
				en,
				Base,
			);
			mainGroup = F6A380891F3B22C60080BB87;
			productRefGroup = F6A380931F3B22C60080BB87 /* Products */;
			projectDirPath = "";
			projectRoot = "";
			targets = (
				F6A380911F3B22C60080BB87 /* iOS animations */,
				F6A380A51F3B22C60080BB87 /* iOS animationsTests */,
				F6A380B01F3B22C60080BB87 /* iOS animationsUITests */,
			);
		};
/* End PBXProject section */

/* Begin PBXResourcesBuildPhase section */
		F6A380901F3B22C60080BB87 /* Resources */ = {
			isa = PBXResourcesBuildPhase;
			buildActionMask = 2147483647;
			files = (
				F6A380A01F3B22C60080BB87 /* LaunchScreen.storyboard in Resources */,
				F6A3809D1F3B22C60080BB87 /* Assets.xcassets in Resources */,
			);
			runOnlyForDeploymentPostprocessing = 0;
		};
		F6A380A41F3B22C60080BB87 /* Resources */ = {
			isa = PBXResourcesBuildPhase;
			buildActionMask = 2147483647;
			files = (
			);
			runOnlyForDeploymentPostprocessing = 0;
		};
		F6A380AF1F3B22C60080BB87 /* Resources */ = {
			isa = PBXResourcesBuildPhase;
			buildActionMask = 2147483647;
			files = (
			);
			runOnlyForDeploymentPostprocessing = 0;
		};
/* End PBXResourcesBuildPhase section */

/* Begin PBXShellScriptBuildPhase section */
		032CF9EE5A7A7AD5B7DBDDA1 /* [CP] Copy Pods Resources */ = {
			isa = PBXShellScriptBuildPhase;
			buildActionMask = 2147483647;
			files = (
			);
			inputPaths = (
			);
			name = "[CP] Copy Pods Resources";
			outputPaths = (
			);
			runOnlyForDeploymentPostprocessing = 0;
			shellPath = /bin/sh;
			shellScript = "\"${SRCROOT}/Pods/Target Support Files/Pods-iOS animations/Pods-iOS animations-resources.sh\"\n";
			showEnvVarsInLog = 0;
		};
		0E660A65251BCE351939CA09 /* [CP] Embed Pods Frameworks */ = {
			isa = PBXShellScriptBuildPhase;
			buildActionMask = 2147483647;
			files = (
			);
			inputPaths = (
			);
			name = "[CP] Embed Pods Frameworks";
			outputPaths = (
			);
			runOnlyForDeploymentPostprocessing = 0;
			shellPath = /bin/sh;
			shellScript = "\"${SRCROOT}/Pods/Target Support Files/Pods-iOS animationsTests/Pods-iOS animationsTests-frameworks.sh\"\n";
			showEnvVarsInLog = 0;
		};
		120A7A773D18994EDBF91C3F /* [CP] Embed Pods Frameworks */ = {
			isa = PBXShellScriptBuildPhase;
			buildActionMask = 2147483647;
			files = (
			);
			inputPaths = (
			);
			name = "[CP] Embed Pods Frameworks";
			outputPaths = (
			);
			runOnlyForDeploymentPostprocessing = 0;
			shellPath = /bin/sh;
			shellScript = "\"${SRCROOT}/Pods/Target Support Files/Pods-iOS animations/Pods-iOS animations-frameworks.sh\"\n";
			showEnvVarsInLog = 0;
		};
		15928CE85F67E0626BC87C37 /* [CP] Check Pods Manifest.lock */ = {
			isa = PBXShellScriptBuildPhase;
			buildActionMask = 2147483647;
			files = (
			);
			inputPaths = (
			);
			name = "[CP] Check Pods Manifest.lock";
			outputPaths = (
			);
			runOnlyForDeploymentPostprocessing = 0;
			shellPath = /bin/sh;
			shellScript = "diff \"${PODS_PODFILE_DIR_PATH}/Podfile.lock\" \"${PODS_ROOT}/Manifest.lock\" > /dev/null\nif [ $? != 0 ] ; then\n    # print error to STDERR\n    echo \"error: The sandbox is not in sync with the Podfile.lock. Run 'pod install' or update your CocoaPods installation.\" >&2\n    exit 1\nfi\n";
			showEnvVarsInLog = 0;
		};
		16F5151FC695C448E341B807 /* [CP] Embed Pods Frameworks */ = {
			isa = PBXShellScriptBuildPhase;
			buildActionMask = 2147483647;
			files = (
			);
			inputPaths = (
			);
			name = "[CP] Embed Pods Frameworks";
			outputPaths = (
			);
			runOnlyForDeploymentPostprocessing = 0;
			shellPath = /bin/sh;
			shellScript = "\"${SRCROOT}/Pods/Target Support Files/Pods-iOS animationsUITests/Pods-iOS animationsUITests-frameworks.sh\"\n";
			showEnvVarsInLog = 0;
		};
		93AAB07ADEB21336FC9D60B7 /* [CP] Copy Pods Resources */ = {
			isa = PBXShellScriptBuildPhase;
			buildActionMask = 2147483647;
			files = (
			);
			inputPaths = (
			);
			name = "[CP] Copy Pods Resources";
			outputPaths = (
			);
			runOnlyForDeploymentPostprocessing = 0;
			shellPath = /bin/sh;
			shellScript = "\"${SRCROOT}/Pods/Target Support Files/Pods-iOS animationsUITests/Pods-iOS animationsUITests-resources.sh\"\n";
			showEnvVarsInLog = 0;
		};
		958F5757F9BFAE7D35283356 /* [CP] Check Pods Manifest.lock */ = {
			isa = PBXShellScriptBuildPhase;
			buildActionMask = 2147483647;
			files = (
			);
			inputPaths = (
			);
			name = "[CP] Check Pods Manifest.lock";
			outputPaths = (
			);
			runOnlyForDeploymentPostprocessing = 0;
			shellPath = /bin/sh;
			shellScript = "diff \"${PODS_PODFILE_DIR_PATH}/Podfile.lock\" \"${PODS_ROOT}/Manifest.lock\" > /dev/null\nif [ $? != 0 ] ; then\n    # print error to STDERR\n    echo \"error: The sandbox is not in sync with the Podfile.lock. Run 'pod install' or update your CocoaPods installation.\" >&2\n    exit 1\nfi\n";
			showEnvVarsInLog = 0;
		};
		AEF0B5047B08A36A6D32F4C2 /* [CP] Copy Pods Resources */ = {
			isa = PBXShellScriptBuildPhase;
			buildActionMask = 2147483647;
			files = (
			);
			inputPaths = (
			);
			name = "[CP] Copy Pods Resources";
			outputPaths = (
			);
			runOnlyForDeploymentPostprocessing = 0;
			shellPath = /bin/sh;
			shellScript = "\"${SRCROOT}/Pods/Target Support Files/Pods-iOS animationsTests/Pods-iOS animationsTests-resources.sh\"\n";
			showEnvVarsInLog = 0;
		};
		CF84397963A28CFCCC34EFDA /* [CP] Check Pods Manifest.lock */ = {
			isa = PBXShellScriptBuildPhase;
			buildActionMask = 2147483647;
			files = (
			);
			inputPaths = (
			);
			name = "[CP] Check Pods Manifest.lock";
			outputPaths = (
			);
			runOnlyForDeploymentPostprocessing = 0;
			shellPath = /bin/sh;
			shellScript = "diff \"${PODS_PODFILE_DIR_PATH}/Podfile.lock\" \"${PODS_ROOT}/Manifest.lock\" > /dev/null\nif [ $? != 0 ] ; then\n    # print error to STDERR\n    echo \"error: The sandbox is not in sync with the Podfile.lock. Run 'pod install' or update your CocoaPods installation.\" >&2\n    exit 1\nfi\n";
			showEnvVarsInLog = 0;
		};
		F60DF3A71F3B34800093A814 /* Carthage */ = {
			isa = PBXShellScriptBuildPhase;
			buildActionMask = 2147483647;
			files = (
			);
			inputPaths = (
			);
			name = Carthage;
			outputPaths = (
			);
			runOnlyForDeploymentPostprocessing = 0;
			shellPath = /bin/sh;
			shellScript = "/usr/local/bin/carthage copy-frameworks";
		};
		F6A380C31F3B23FF0080BB87 /* Crashlytics */ = {
			isa = PBXShellScriptBuildPhase;
			buildActionMask = 2147483647;
			files = (
			);
			inputPaths = (
			);
			name = Crashlytics;
			outputPaths = (
			);
			runOnlyForDeploymentPostprocessing = 0;
			shellPath = /bin/sh;
			shellScript = "\"${PODS_ROOT}/Fabric/run\" 002d1e80e7bf3a300de583f69a92347342fc38a9 e3df1c13235f9dab0dc7accc866329608184f2134ce261febd9bf33b9940b592";
		};
/* End PBXShellScriptBuildPhase section */

/* Begin PBXSourcesBuildPhase section */
		F6A3808E1F3B22C60080BB87 /* Sources */ = {
			isa = PBXSourcesBuildPhase;
			buildActionMask = 2147483647;
			files = (
				F67819EC1F3B5A6E00F2D731 /* RotateAnimationView.swift in Sources */,
				F6A380981F3B22C60080BB87 /* BasicLayerAnimationsViewController.swift in Sources */,
				F67819EE1F3B6A8E00F2D731 /* ScaleAnimationView.swift in Sources */,
				F67819EA1F3B571E00F2D731 /* FadeAnimationView.swift in Sources */,
				F6A380961F3B22C60080BB87 /* AppDelegate.swift in Sources */,
				F67819F01F3B6B7E00F2D731 /* CombinedSimpleAnimationsView.swift in Sources */,
				F6A4A03B1F3B388000D58027 /* BasicLayerAnimationsView.swift in Sources */,
				F67819E81F3B55DF00F2D731 /* TranslationAnimationView.swift in Sources */,
			);
			runOnlyForDeploymentPostprocessing = 0;
		};
		F6A380A21F3B22C60080BB87 /* Sources */ = {
			isa = PBXSourcesBuildPhase;
			buildActionMask = 2147483647;
			files = (
				F6A380AB1F3B22C60080BB87 /* iOS_animationsTests.swift in Sources */,
			);
			runOnlyForDeploymentPostprocessing = 0;
		};
		F6A380AD1F3B22C60080BB87 /* Sources */ = {
			isa = PBXSourcesBuildPhase;
			buildActionMask = 2147483647;
			files = (
				F6A380B61F3B22C60080BB87 /* iOS_animationsUITests.swift in Sources */,
			);
			runOnlyForDeploymentPostprocessing = 0;
		};
/* End PBXSourcesBuildPhase section */

/* Begin PBXTargetDependency section */
		F6A380A81F3B22C60080BB87 /* PBXTargetDependency */ = {
			isa = PBXTargetDependency;
			target = F6A380911F3B22C60080BB87 /* iOS animations */;
			targetProxy = F6A380A71F3B22C60080BB87 /* PBXContainerItemProxy */;
		};
		F6A380B31F3B22C60080BB87 /* PBXTargetDependency */ = {
			isa = PBXTargetDependency;
			target = F6A380911F3B22C60080BB87 /* iOS animations */;
			targetProxy = F6A380B21F3B22C60080BB87 /* PBXContainerItemProxy */;
		};
/* End PBXTargetDependency section */

/* Begin PBXVariantGroup section */
		F6A3809E1F3B22C60080BB87 /* LaunchScreen.storyboard */ = {
			isa = PBXVariantGroup;
			children = (
				F6A3809F1F3B22C60080BB87 /* Base */,
			);
			name = LaunchScreen.storyboard;
			sourceTree = "<group>";
		};
/* End PBXVariantGroup section */

/* Begin XCBuildConfiguration section */
		F6A380B81F3B22C60080BB87 /* Debug */ = {
			isa = XCBuildConfiguration;
			buildSettings = {
				ALWAYS_SEARCH_USER_PATHS = NO;
				CLANG_ANALYZER_NONNULL = YES;
				CLANG_ANALYZER_NUMBER_OBJECT_CONVERSION = YES_AGGRESSIVE;
				CLANG_CXX_LANGUAGE_STANDARD = "gnu++0x";
				CLANG_CXX_LIBRARY = "libc++";
				CLANG_ENABLE_MODULES = YES;
				CLANG_ENABLE_OBJC_ARC = YES;
				CLANG_WARN_BOOL_CONVERSION = YES;
				CLANG_WARN_CONSTANT_CONVERSION = YES;
				CLANG_WARN_DIRECT_OBJC_ISA_USAGE = YES_ERROR;
				CLANG_WARN_DOCUMENTATION_COMMENTS = YES;
				CLANG_WARN_EMPTY_BODY = YES;
				CLANG_WARN_ENUM_CONVERSION = YES;
				CLANG_WARN_INFINITE_RECURSION = YES;
				CLANG_WARN_INT_CONVERSION = YES;
				CLANG_WARN_OBJC_ROOT_CLASS = YES_ERROR;
				CLANG_WARN_SUSPICIOUS_MOVE = YES;
				CLANG_WARN_UNREACHABLE_CODE = YES;
				CLANG_WARN__DUPLICATE_METHOD_MATCH = YES;
				"CODE_SIGN_IDENTITY[sdk=iphoneos*]" = "iPhone Developer";
				COPY_PHASE_STRIP = NO;
				DEBUG_INFORMATION_FORMAT = dwarf;
				ENABLE_STRICT_OBJC_MSGSEND = YES;
				ENABLE_TESTABILITY = YES;
				GCC_C_LANGUAGE_STANDARD = gnu99;
				GCC_DYNAMIC_NO_PIC = NO;
				GCC_NO_COMMON_BLOCKS = YES;
				GCC_OPTIMIZATION_LEVEL = 0;
				GCC_PREPROCESSOR_DEFINITIONS = (
					"DEBUG=1",
					"$(inherited)",
				);
				GCC_WARN_64_TO_32_BIT_CONVERSION = YES;
				GCC_WARN_ABOUT_RETURN_TYPE = YES_ERROR;
				GCC_WARN_UNDECLARED_SELECTOR = YES;
				GCC_WARN_UNINITIALIZED_AUTOS = YES_AGGRESSIVE;
				GCC_WARN_UNUSED_FUNCTION = YES;
				GCC_WARN_UNUSED_VARIABLE = YES;
				IPHONEOS_DEPLOYMENT_TARGET = 10.3;
				MTL_ENABLE_DEBUG_INFO = YES;
				ONLY_ACTIVE_ARCH = YES;
				SDKROOT = iphoneos;
				SWIFT_ACTIVE_COMPILATION_CONDITIONS = DEBUG;
				SWIFT_OPTIMIZATION_LEVEL = "-Onone";
			};
			name = Debug;
		};
		F6A380B91F3B22C60080BB87 /* Release */ = {
			isa = XCBuildConfiguration;
			buildSettings = {
				ALWAYS_SEARCH_USER_PATHS = NO;
				CLANG_ANALYZER_NONNULL = YES;
				CLANG_ANALYZER_NUMBER_OBJECT_CONVERSION = YES_AGGRESSIVE;
				CLANG_CXX_LANGUAGE_STANDARD = "gnu++0x";
				CLANG_CXX_LIBRARY = "libc++";
				CLANG_ENABLE_MODULES = YES;
				CLANG_ENABLE_OBJC_ARC = YES;
				CLANG_WARN_BOOL_CONVERSION = YES;
				CLANG_WARN_CONSTANT_CONVERSION = YES;
				CLANG_WARN_DIRECT_OBJC_ISA_USAGE = YES_ERROR;
				CLANG_WARN_DOCUMENTATION_COMMENTS = YES;
				CLANG_WARN_EMPTY_BODY = YES;
				CLANG_WARN_ENUM_CONVERSION = YES;
				CLANG_WARN_INFINITE_RECURSION = YES;
				CLANG_WARN_INT_CONVERSION = YES;
				CLANG_WARN_OBJC_ROOT_CLASS = YES_ERROR;
				CLANG_WARN_SUSPICIOUS_MOVE = YES;
				CLANG_WARN_UNREACHABLE_CODE = YES;
				CLANG_WARN__DUPLICATE_METHOD_MATCH = YES;
				"CODE_SIGN_IDENTITY[sdk=iphoneos*]" = "iPhone Developer";
				COPY_PHASE_STRIP = NO;
				DEBUG_INFORMATION_FORMAT = "dwarf-with-dsym";
				ENABLE_NS_ASSERTIONS = NO;
				ENABLE_STRICT_OBJC_MSGSEND = YES;
				GCC_C_LANGUAGE_STANDARD = gnu99;
				GCC_NO_COMMON_BLOCKS = YES;
				GCC_WARN_64_TO_32_BIT_CONVERSION = YES;
				GCC_WARN_ABOUT_RETURN_TYPE = YES_ERROR;
				GCC_WARN_UNDECLARED_SELECTOR = YES;
				GCC_WARN_UNINITIALIZED_AUTOS = YES_AGGRESSIVE;
				GCC_WARN_UNUSED_FUNCTION = YES;
				GCC_WARN_UNUSED_VARIABLE = YES;
				IPHONEOS_DEPLOYMENT_TARGET = 10.3;
				MTL_ENABLE_DEBUG_INFO = NO;
				SDKROOT = iphoneos;
				SWIFT_OPTIMIZATION_LEVEL = "-Owholemodule";
				VALIDATE_PRODUCT = YES;
			};
			name = Release;
		};
		F6A380BB1F3B22C60080BB87 /* Debug */ = {
			isa = XCBuildConfiguration;
			baseConfigurationReference = 1A0AA1BABC00F5B10A8B999B /* Pods-iOS animations.debug.xcconfig */;
			buildSettings = {
				ASSETCATALOG_COMPILER_APPICON_NAME = AppIcon;
				DEBUG_INFORMATION_FORMAT = "dwarf-with-dsym";
				DEVELOPMENT_TEAM = MDX989Y6D8;
				FRAMEWORK_SEARCH_PATHS = (
					"$(inherited)",
					"$(PROJECT_DIR)/Carthage/Build/iOS",
				);
				INFOPLIST_FILE = "iOS animations/Info.plist";
				IPHONEOS_DEPLOYMENT_TARGET = 10.0;
				LD_RUNPATH_SEARCH_PATHS = "$(inherited) @executable_path/Frameworks";
				PRODUCT_BUNDLE_IDENTIFIER = "com.rep.iOS-animations";
				PRODUCT_NAME = "$(TARGET_NAME)";
				SWIFT_VERSION = 3.0;
			};
			name = Debug;
		};
		F6A380BC1F3B22C60080BB87 /* Release */ = {
			isa = XCBuildConfiguration;
			baseConfigurationReference = E5F99BE1142B6678F83164F6 /* Pods-iOS animations.release.xcconfig */;
			buildSettings = {
				ASSETCATALOG_COMPILER_APPICON_NAME = AppIcon;
				DEVELOPMENT_TEAM = MDX989Y6D8;
				FRAMEWORK_SEARCH_PATHS = (
					"$(inherited)",
					"$(PROJECT_DIR)/Carthage/Build/iOS",
				);
				INFOPLIST_FILE = "iOS animations/Info.plist";
				IPHONEOS_DEPLOYMENT_TARGET = 10.0;
				LD_RUNPATH_SEARCH_PATHS = "$(inherited) @executable_path/Frameworks";
				PRODUCT_BUNDLE_IDENTIFIER = "com.rep.iOS-animations";
				PRODUCT_NAME = "$(TARGET_NAME)";
				SWIFT_VERSION = 3.0;
			};
			name = Release;
		};
		F6A380BE1F3B22C60080BB87 /* Debug */ = {
			isa = XCBuildConfiguration;
			baseConfigurationReference = B6BF3F04D7D2C0E2B1DAA1FB /* Pods-iOS animationsTests.debug.xcconfig */;
			buildSettings = {
				ALWAYS_EMBED_SWIFT_STANDARD_LIBRARIES = YES;
				BUNDLE_LOADER = "$(TEST_HOST)";
				DEVELOPMENT_TEAM = MDX989Y6D8;
				INFOPLIST_FILE = "iOS animationsTests/Info.plist";
				LD_RUNPATH_SEARCH_PATHS = "$(inherited) @executable_path/Frameworks @loader_path/Frameworks";
				PRODUCT_BUNDLE_IDENTIFIER = "com.rep.iOS-animationsTests";
				PRODUCT_NAME = "$(TARGET_NAME)";
				SWIFT_VERSION = 3.0;
				TEST_HOST = "$(BUILT_PRODUCTS_DIR)/iOS animations.app/iOS animations";
			};
			name = Debug;
		};
		F6A380BF1F3B22C60080BB87 /* Release */ = {
			isa = XCBuildConfiguration;
			baseConfigurationReference = 727E8B690EF1BBD80787F03F /* Pods-iOS animationsTests.release.xcconfig */;
			buildSettings = {
				ALWAYS_EMBED_SWIFT_STANDARD_LIBRARIES = YES;
				BUNDLE_LOADER = "$(TEST_HOST)";
				DEVELOPMENT_TEAM = MDX989Y6D8;
				INFOPLIST_FILE = "iOS animationsTests/Info.plist";
				LD_RUNPATH_SEARCH_PATHS = "$(inherited) @executable_path/Frameworks @loader_path/Frameworks";
				PRODUCT_BUNDLE_IDENTIFIER = "com.rep.iOS-animationsTests";
				PRODUCT_NAME = "$(TARGET_NAME)";
				SWIFT_VERSION = 3.0;
				TEST_HOST = "$(BUILT_PRODUCTS_DIR)/iOS animations.app/iOS animations";
			};
			name = Release;
		};
		F6A380C11F3B22C60080BB87 /* Debug */ = {
			isa = XCBuildConfiguration;
			baseConfigurationReference = DC457BD180992BB3B0A79172 /* Pods-iOS animationsUITests.debug.xcconfig */;
			buildSettings = {
				ALWAYS_EMBED_SWIFT_STANDARD_LIBRARIES = YES;
				DEVELOPMENT_TEAM = MDX989Y6D8;
				INFOPLIST_FILE = "iOS animationsUITests/Info.plist";
				LD_RUNPATH_SEARCH_PATHS = "$(inherited) @executable_path/Frameworks @loader_path/Frameworks";
				PRODUCT_BUNDLE_IDENTIFIER = "com.rep.iOS-animationsUITests";
				PRODUCT_NAME = "$(TARGET_NAME)";
				SWIFT_VERSION = 3.0;
				TEST_TARGET_NAME = "iOS animations";
			};
			name = Debug;
		};
		F6A380C21F3B22C60080BB87 /* Release */ = {
			isa = XCBuildConfiguration;
			baseConfigurationReference = A02FDAA1CD28A48EB7017D21 /* Pods-iOS animationsUITests.release.xcconfig */;
			buildSettings = {
				ALWAYS_EMBED_SWIFT_STANDARD_LIBRARIES = YES;
				DEVELOPMENT_TEAM = MDX989Y6D8;
				INFOPLIST_FILE = "iOS animationsUITests/Info.plist";
				LD_RUNPATH_SEARCH_PATHS = "$(inherited) @executable_path/Frameworks @loader_path/Frameworks";
				PRODUCT_BUNDLE_IDENTIFIER = "com.rep.iOS-animationsUITests";
				PRODUCT_NAME = "$(TARGET_NAME)";
				SWIFT_VERSION = 3.0;
				TEST_TARGET_NAME = "iOS animations";
			};
			name = Release;
		};
/* End XCBuildConfiguration section */

/* Begin XCConfigurationList section */
		F6A3808D1F3B22C60080BB87 /* Build configuration list for PBXProject "iOS animations" */ = {
			isa = XCConfigurationList;
			buildConfigurations = (
				F6A380B81F3B22C60080BB87 /* Debug */,
				F6A380B91F3B22C60080BB87 /* Release */,
			);
			defaultConfigurationIsVisible = 0;
			defaultConfigurationName = Release;
		};
		F6A380BA1F3B22C60080BB87 /* Build configuration list for PBXNativeTarget "iOS animations" */ = {
			isa = XCConfigurationList;
			buildConfigurations = (
				F6A380BB1F3B22C60080BB87 /* Debug */,
				F6A380BC1F3B22C60080BB87 /* Release */,
			);
			defaultConfigurationIsVisible = 0;
			defaultConfigurationName = Release;
		};
		F6A380BD1F3B22C60080BB87 /* Build configuration list for PBXNativeTarget "iOS animationsTests" */ = {
			isa = XCConfigurationList;
			buildConfigurations = (
				F6A380BE1F3B22C60080BB87 /* Debug */,
				F6A380BF1F3B22C60080BB87 /* Release */,
			);
			defaultConfigurationIsVisible = 0;
			defaultConfigurationName = Release;
		};
		F6A380C01F3B22C60080BB87 /* Build configuration list for PBXNativeTarget "iOS animationsUITests" */ = {
			isa = XCConfigurationList;
			buildConfigurations = (
				F6A380C11F3B22C60080BB87 /* Debug */,
				F6A380C21F3B22C60080BB87 /* Release */,
			);
			defaultConfigurationIsVisible = 0;
			defaultConfigurationName = Release;
		};
/* End XCConfigurationList section */
	};
	rootObject = F6A3808A1F3B22C60080BB87 /* Project object */;
}
