// !$*UTF8*$!
{
	archiveVersion = 1;
	classes = {
	};
	objectVersion = 46;
	objects = {

/* Begin PBXBuildFile section */
		F6A380961F3B22C60080BB87 /* AppDelegate.swift in Sources */ = {isa = PBXBuildFile; fileRef = F6A380951F3B22C60080BB87 /* AppDelegate.swift */; };
		F6A380981F3B22C60080BB87 /* ViewController.swift in Sources */ = {isa = PBXBuildFile; fileRef = F6A380971F3B22C60080BB87 /* ViewController.swift */; };
		F6A3809B1F3B22C60080BB87 /* Main.storyboard in Resources */ = {isa = PBXBuildFile; fileRef = F6A380991F3B22C60080BB87 /* Main.storyboard */; };
		F6A3809D1F3B22C60080BB87 /* Assets.xcassets in Resources */ = {isa = PBXBuildFile; fileRef = F6A3809C1F3B22C60080BB87 /* Assets.xcassets */; };
		F6A380A01F3B22C60080BB87 /* LaunchScreen.storyboard in Resources */ = {isa = PBXBuildFile; fileRef = F6A3809E1F3B22C60080BB87 /* LaunchScreen.storyboard */; };
		F6A380AB1F3B22C60080BB87 /* iOS_animationsTests.swift in Sources */ = {isa = PBXBuildFile; fileRef = F6A380AA1F3B22C60080BB87 /* iOS_animationsTests.swift */; };
		F6A380B61F3B22C60080BB87 /* iOS_animationsUITests.swift in Sources */ = {isa = PBXBuildFile; fileRef = F6A380B51F3B22C60080BB87 /* iOS_animationsUITests.swift */; };
/* End PBXBuildFile section */

/* Begin PBXContainerItemProxy section */
		F6A380A71F3B22C60080BB87 /* PBXContainerItemProxy */ = {
			isa = PBXContainerItemProxy;
			containerPortal = F6A3808A1F3B22C60080BB87 /* Project object */;
			proxyType = 1;
			remoteGlobalIDString = F6A380911F3B22C60080BB87;
			remoteInfo = "iOS animations";
		};
		F6A380B21F3B22C60080BB87 /* PBXContainerItemProxy */ = {
			isa = PBXContainerItemProxy;
			containerPortal = F6A3808A1F3B22C60080BB87 /* Project object */;
			proxyType = 1;
			remoteGlobalIDString = F6A380911F3B22C60080BB87;
			remoteInfo = "iOS animations";
		};
/* End PBXContainerItemProxy section */

/* Begin PBXFileReference section */
		F6A380921F3B22C60080BB87 /* iOS animations.app */ = {isa = PBXFileReference; explicitFileType = wrapper.application; includeInIndex = 0; path = "iOS animations.app"; sourceTree = BUILT_PRODUCTS_DIR; };
		F6A380951F3B22C60080BB87 /* AppDelegate.swift */ = {isa = PBXFileReference; lastKnownFileType = sourcecode.swift; path = AppDelegate.swift; sourceTree = "<group>"; };
		F6A380971F3B22C60080BB87 /* ViewController.swift */ = {isa = PBXFileReference; lastKnownFileType = sourcecode.swift; path = ViewController.swift; sourceTree = "<group>"; };
		F6A3809A1F3B22C60080BB87 /* Base */ = {isa = PBXFileReference; lastKnownFileType = file.storyboard; name = Base; path = Base.lproj/Main.storyboard; sourceTree = "<group>"; };
		F6A3809C1F3B22C60080BB87 /* Assets.xcassets */ = {isa = PBXFileReference; lastKnownFileType = folder.assetcatalog; path = Assets.xcassets; sourceTree = "<group>"; };
		F6A3809F1F3B22C60080BB87 /* Base */ = {isa = PBXFileReference; lastKnownFileType = file.storyboard; name = Base; path = Base.lproj/LaunchScreen.storyboard; sourceTree = "<group>"; };
		F6A380A11F3B22C60080BB87 /* Info.plist */ = {isa = PBXFileReference; lastKnownFileType = text.plist.xml; path = Info.plist; sourceTree = "<group>"; };
		F6A380A61F3B22C60080BB87 /* iOS animationsTests.xctest */ = {isa = PBXFileReference; explicitFileType = wrapper.cfbundle; includeInIndex = 0; path = "iOS animationsTests.xctest"; sourceTree = BUILT_PRODUCTS_DIR; };
		F6A380AA1F3B22C60080BB87 /* iOS_animationsTests.swift */ = {isa = PBXFileReference; lastKnownFileType = sourcecode.swift; path = iOS_animationsTests.swift; sourceTree = "<group>"; };
		F6A380AC1F3B22C60080BB87 /* Info.plist */ = {isa = PBXFileReference; lastKnownFileType = text.plist.xml; path = Info.plist; sourceTree = "<group>"; };
		F6A380B11F3B22C60080BB87 /* iOS animationsUITests.xctest */ = {isa = PBXFileReference; explicitFileType = wrapper.cfbundle; includeInIndex = 0; path = "iOS animationsUITests.xctest"; sourceTree = BUILT_PRODUCTS_DIR; };
		F6A380B51F3B22C60080BB87 /* iOS_animationsUITests.swift */ = {isa = PBXFileReference; lastKnownFileType = sourcecode.swift; path = iOS_animationsUITests.swift; sourceTree = "<group>"; };
		F6A380B71F3B22C60080BB87 /* Info.plist */ = {isa = PBXFileReference; lastKnownFileType = text.plist.xml; path = Info.plist; sourceTree = "<group>"; };
/* End PBXFileReference section */

/* Begin PBXFrameworksBuildPhase section */
		F6A3808F1F3B22C60080BB87 /* Frameworks */ = {
			isa = PBXFrameworksBuildPhase;
			buildActionMask = 2147483647;
			files = (
			);
			runOnlyForDeploymentPostprocessing = 0;
		};
		F6A380A31F3B22C60080BB87 /* Frameworks */ = {
			isa = PBXFrameworksBuildPhase;
			buildActionMask = 2147483647;
			files = (
			);
			runOnlyForDeploymentPostprocessing = 0;
		};
		F6A380AE1F3B22C60080BB87 /* Frameworks */ = {
			isa = PBXFrameworksBuildPhase;
			buildActionMask = 2147483647;
			files = (
			);
			runOnlyForDeploymentPostprocessing = 0;
		};
/* End PBXFrameworksBuildPhase section */

/* Begin PBXGroup section */
		F6A380891F3B22C60080BB87 = {
			isa = PBXGroup;
			children = (
				F6A380941F3B22C60080BB87 /* iOS animations */,
				F6A380A91F3B22C60080BB87 /* iOS animationsTests */,
				F6A380B41F3B22C60080BB87 /* iOS animationsUITests */,
				F6A380931F3B22C60080BB87 /* Products */,
			);
			sourceTree = "<group>";
		};
		F6A380931F3B22C60080BB87 /* Products */ = {
			isa = PBXGroup;
			children = (
				F6A380921F3B22C60080BB87 /* iOS animations.app */,
				F6A380A61F3B22C60080BB87 /* iOS animationsTests.xctest */,
				F6A380B11F3B22C60080BB87 /* iOS animationsUITests.xctest */,
			);
			name = Products;
			sourceTree = "<group>";
		};
		F6A380941F3B22C60080BB87 /* iOS animations */ = {
			isa = PBXGroup;
			children = (
				F6A380951F3B22C60080BB87 /* AppDelegate.swift */,
				F6A380971F3B22C60080BB87 /* ViewController.swift */,
				F6A380991F3B22C60080BB87 /* Main.storyboard */,
				F6A3809C1F3B22C60080BB87 /* Assets.xcassets */,
				F6A3809E1F3B22C60080BB87 /* LaunchScreen.storyboard */,
				F6A380A11F3B22C60080BB87 /* Info.plist */,
			);
			path = "iOS animations";
			sourceTree = "<group>";
		};
		F6A380A91F3B22C60080BB87 /* iOS animationsTests */ = {
			isa = PBXGroup;
			children = (
				F6A380AA1F3B22C60080BB87 /* iOS_animationsTests.swift */,
				F6A380AC1F3B22C60080BB87 /* Info.plist */,
			);
			path = "iOS animationsTests";
			sourceTree = "<group>";
		};
		F6A380B41F3B22C60080BB87 /* iOS animationsUITests */ = {
			isa = PBXGroup;
			children = (
				F6A380B51F3B22C60080BB87 /* iOS_animationsUITests.swift */,
				F6A380B71F3B22C60080BB87 /* Info.plist */,
			);
			path = "iOS animationsUITests";
			sourceTree = "<group>";
		};
/* End PBXGroup section */

/* Begin PBXNativeTarget section */
		F6A380911F3B22C60080BB87 /* iOS animations */ = {
			isa = PBXNativeTarget;
			buildConfigurationList = F6A380BA1F3B22C60080BB87 /* Build configuration list for PBXNativeTarget "iOS animations" */;
			buildPhases = (
				F6A3808E1F3B22C60080BB87 /* Sources */,
				F6A3808F1F3B22C60080BB87 /* Frameworks */,
				F6A380901F3B22C60080BB87 /* Resources */,
			);
			buildRules = (
			);
			dependencies = (
			);
			name = "iOS animations";
			productName = "iOS animations";
			productReference = F6A380921F3B22C60080BB87 /* iOS animations.app */;
			productType = "com.apple.product-type.application";
		};
		F6A380A51F3B22C60080BB87 /* iOS animationsTests */ = {
			isa = PBXNativeTarget;
			buildConfigurationList = F6A380BD1F3B22C60080BB87 /* Build configuration list for PBXNativeTarget "iOS animationsTests" */;
			buildPhases = (
				F6A380A21F3B22C60080BB87 /* Sources */,
				F6A380A31F3B22C60080BB87 /* Frameworks */,
				F6A380A41F3B22C60080BB87 /* Resources */,
			);
			buildRules = (
			);
			dependencies = (
				F6A380A81F3B22C60080BB87 /* PBXTargetDependency */,
			);
			name = "iOS animationsTests";
			productName = "iOS animationsTests";
			productReference = F6A380A61F3B22C60080BB87 /* iOS animationsTests.xctest */;
			productType = "com.apple.product-type.bundle.unit-test";
		};
		F6A380B01F3B22C60080BB87 /* iOS animationsUITests */ = {
			isa = PBXNativeTarget;
			buildConfigurationList = F6A380C01F3B22C60080BB87 /* Build configuration list for PBXNativeTarget "iOS animationsUITests" */;
			buildPhases = (
				F6A380AD1F3B22C60080BB87 /* Sources */,
				F6A380AE1F3B22C60080BB87 /* Frameworks */,
				F6A380AF1F3B22C60080BB87 /* Resources */,
			);
			buildRules = (
			);
			dependencies = (
				F6A380B31F3B22C60080BB87 /* PBXTargetDependency */,
			);
			name = "iOS animationsUITests";
			productName = "iOS animationsUITests";
			productReference = F6A380B11F3B22C60080BB87 /* iOS animationsUITests.xctest */;
			productType = "com.apple.product-type.bundle.ui-testing";
		};
/* End PBXNativeTarget section */

/* Begin PBXProject section */
		F6A3808A1F3B22C60080BB87 /* Project object */ = {
			isa = PBXProject;
			attributes = {
				LastSwiftUpdateCheck = 0830;
				LastUpgradeCheck = 0830;
				ORGANIZATIONNAME = "Ivan Rep";
				TargetAttributes = {
					F6A380911F3B22C60080BB87 = {
						CreatedOnToolsVersion = 8.3.3;
						DevelopmentTeam = MDX989Y6D8;
						ProvisioningStyle = Automatic;
					};
					F6A380A51F3B22C60080BB87 = {
						CreatedOnToolsVersion = 8.3.3;
						DevelopmentTeam = MDX989Y6D8;
						ProvisioningStyle = Automatic;
						TestTargetID = F6A380911F3B22C60080BB87;
					};
					F6A380B01F3B22C60080BB87 = {
						CreatedOnToolsVersion = 8.3.3;
						DevelopmentTeam = MDX989Y6D8;
						ProvisioningStyle = Automatic;
						TestTargetID = F6A380911F3B22C60080BB87;
					};
				};
			};
			buildConfigurationList = F6A3808D1F3B22C60080BB87 /* Build configuration list for PBXProject "iOS animations" */;
			compatibilityVersion = "Xcode 3.2";
			developmentRegion = English;
			hasScannedForEncodings = 0;
			knownRegions = (
				en,
				Base,
			);
			mainGroup = F6A380891F3B22C60080BB87;
			productRefGroup = F6A380931F3B22C60080BB87 /* Products */;
			projectDirPath = "";
			projectRoot = "";
			targets = (
				F6A380911F3B22C60080BB87 /* iOS animations */,
				F6A380A51F3B22C60080BB87 /* iOS animationsTests */,
				F6A380B01F3B22C60080BB87 /* iOS animationsUITests */,
			);
		};
/* End PBXProject section */

/* Begin PBXResourcesBuildPhase section */
		F6A380901F3B22C60080BB87 /* Resources */ = {
			isa = PBXResourcesBuildPhase;
			buildActionMask = 2147483647;
			files = (
				F6A380A01F3B22C60080BB87 /* LaunchScreen.storyboard in Resources */,
				F6A3809D1F3B22C60080BB87 /* Assets.xcassets in Resources */,
				F6A3809B1F3B22C60080BB87 /* Main.storyboard in Resources */,
			);
			runOnlyForDeploymentPostprocessing = 0;
		};
		F6A380A41F3B22C60080BB87 /* Resources */ = {
			isa = PBXResourcesBuildPhase;
			buildActionMask = 2147483647;
			files = (
			);
			runOnlyForDeploymentPostprocessing = 0;
		};
		F6A380AF1F3B22C60080BB87 /* Resources */ = {
			isa = PBXResourcesBuildPhase;
			buildActionMask = 2147483647;
			files = (
			);
			runOnlyForDeploymentPostprocessing = 0;
		};
/* End PBXResourcesBuildPhase section */

/* Begin PBXSourcesBuildPhase section */
		F6A3808E1F3B22C60080BB87 /* Sources */ = {
			isa = PBXSourcesBuildPhase;
			buildActionMask = 2147483647;
			files = (
				F6A380981F3B22C60080BB87 /* ViewController.swift in Sources */,
				F6A380961F3B22C60080BB87 /* AppDelegate.swift in Sources */,
			);
			runOnlyForDeploymentPostprocessing = 0;
		};
		F6A380A21F3B22C60080BB87 /* Sources */ = {
			isa = PBXSourcesBuildPhase;
			buildActionMask = 2147483647;
			files = (
				F6A380AB1F3B22C60080BB87 /* iOS_animationsTests.swift in Sources */,
			);
			runOnlyForDeploymentPostprocessing = 0;
		};
		F6A380AD1F3B22C60080BB87 /* Sources */ = {
			isa = PBXSourcesBuildPhase;
			buildActionMask = 2147483647;
			files = (
				F6A380B61F3B22C60080BB87 /* iOS_animationsUITests.swift in Sources */,
			);
			runOnlyForDeploymentPostprocessing = 0;
		};
/* End PBXSourcesBuildPhase section */

/* Begin PBXTargetDependency section */
		F6A380A81F3B22C60080BB87 /* PBXTargetDependency */ = {
			isa = PBXTargetDependency;
			target = F6A380911F3B22C60080BB87 /* iOS animations */;
			targetProxy = F6A380A71F3B22C60080BB87 /* PBXContainerItemProxy */;
		};
		F6A380B31F3B22C60080BB87 /* PBXTargetDependency */ = {
			isa = PBXTargetDependency;
			target = F6A380911F3B22C60080BB87 /* iOS animations */;
			targetProxy = F6A380B21F3B22C60080BB87 /* PBXContainerItemProxy */;
		};
/* End PBXTargetDependency section */

/* Begin PBXVariantGroup section */
		F6A380991F3B22C60080BB87 /* Main.storyboard */ = {
			isa = PBXVariantGroup;
			children = (
				F6A3809A1F3B22C60080BB87 /* Base */,
			);
			name = Main.storyboard;
			sourceTree = "<group>";
		};
		F6A3809E1F3B22C60080BB87 /* LaunchScreen.storyboard */ = {
			isa = PBXVariantGroup;
			children = (
				F6A3809F1F3B22C60080BB87 /* Base */,
			);
			name = LaunchScreen.storyboard;
			sourceTree = "<group>";
		};
/* End PBXVariantGroup section */

/* Begin XCBuildConfiguration section */
		F6A380B81F3B22C60080BB87 /* Debug */ = {
			isa = XCBuildConfiguration;
			buildSettings = {
				ALWAYS_SEARCH_USER_PATHS = NO;
				CLANG_ANALYZER_NONNULL = YES;
				CLANG_ANALYZER_NUMBER_OBJECT_CONVERSION = YES_AGGRESSIVE;
				CLANG_CXX_LANGUAGE_STANDARD = "gnu++0x";
				CLANG_CXX_LIBRARY = "libc++";
				CLANG_ENABLE_MODULES = YES;
				CLANG_ENABLE_OBJC_ARC = YES;
				CLANG_WARN_BOOL_CONVERSION = YES;
				CLANG_WARN_CONSTANT_CONVERSION = YES;
				CLANG_WARN_DIRECT_OBJC_ISA_USAGE = YES_ERROR;
				CLANG_WARN_DOCUMENTATION_COMMENTS = YES;
				CLANG_WARN_EMPTY_BODY = YES;
				CLANG_WARN_ENUM_CONVERSION = YES;
				CLANG_WARN_INFINITE_RECURSION = YES;
				CLANG_WARN_INT_CONVERSION = YES;
				CLANG_WARN_OBJC_ROOT_CLASS = YES_ERROR;
				CLANG_WARN_SUSPICIOUS_MOVE = YES;
				CLANG_WARN_UNREACHABLE_CODE = YES;
				CLANG_WARN__DUPLICATE_METHOD_MATCH = YES;
				"CODE_SIGN_IDENTITY[sdk=iphoneos*]" = "iPhone Developer";
				COPY_PHASE_STRIP = NO;
				DEBUG_INFORMATION_FORMAT = dwarf;
				ENABLE_STRICT_OBJC_MSGSEND = YES;
				ENABLE_TESTABILITY = YES;
				GCC_C_LANGUAGE_STANDARD = gnu99;
				GCC_DYNAMIC_NO_PIC = NO;
				GCC_NO_COMMON_BLOCKS = YES;
				GCC_OPTIMIZATION_LEVEL = 0;
				GCC_PREPROCESSOR_DEFINITIONS = (
					"DEBUG=1",
					"$(inherited)",
				);
				GCC_WARN_64_TO_32_BIT_CONVERSION = YES;
				GCC_WARN_ABOUT_RETURN_TYPE = YES_ERROR;
				GCC_WARN_UNDECLARED_SELECTOR = YES;
				GCC_WARN_UNINITIALIZED_AUTOS = YES_AGGRESSIVE;
				GCC_WARN_UNUSED_FUNCTION = YES;
				GCC_WARN_UNUSED_VARIABLE = YES;
				IPHONEOS_DEPLOYMENT_TARGET = 10.3;
				MTL_ENABLE_DEBUG_INFO = YES;
				ONLY_ACTIVE_ARCH = YES;
				SDKROOT = iphoneos;
				SWIFT_ACTIVE_COMPILATION_CONDITIONS = DEBUG;
				SWIFT_OPTIMIZATION_LEVEL = "-Onone";
			};
			name = Debug;
		};
		F6A380B91F3B22C60080BB87 /* Release */ = {
			isa = XCBuildConfiguration;
			buildSettings = {
				ALWAYS_SEARCH_USER_PATHS = NO;
				CLANG_ANALYZER_NONNULL = YES;
				CLANG_ANALYZER_NUMBER_OBJECT_CONVERSION = YES_AGGRESSIVE;
				CLANG_CXX_LANGUAGE_STANDARD = "gnu++0x";
				CLANG_CXX_LIBRARY = "libc++";
				CLANG_ENABLE_MODULES = YES;
				CLANG_ENABLE_OBJC_ARC = YES;
				CLANG_WARN_BOOL_CONVERSION = YES;
				CLANG_WARN_CONSTANT_CONVERSION = YES;
				CLANG_WARN_DIRECT_OBJC_ISA_USAGE = YES_ERROR;
				CLANG_WARN_DOCUMENTATION_COMMENTS = YES;
				CLANG_WARN_EMPTY_BODY = YES;
				CLANG_WARN_ENUM_CONVERSION = YES;
				CLANG_WARN_INFINITE_RECURSION = YES;
				CLANG_WARN_INT_CONVERSION = YES;
				CLANG_WARN_OBJC_ROOT_CLASS = YES_ERROR;
				CLANG_WARN_SUSPICIOUS_MOVE = YES;
				CLANG_WARN_UNREACHABLE_CODE = YES;
				CLANG_WARN__DUPLICATE_METHOD_MATCH = YES;
				"CODE_SIGN_IDENTITY[sdk=iphoneos*]" = "iPhone Developer";
				COPY_PHASE_STRIP = NO;
				DEBUG_INFORMATION_FORMAT = "dwarf-with-dsym";
				ENABLE_NS_ASSERTIONS = NO;
				ENABLE_STRICT_OBJC_MSGSEND = YES;
				GCC_C_LANGUAGE_STANDARD = gnu99;
				GCC_NO_COMMON_BLOCKS = YES;
				GCC_WARN_64_TO_32_BIT_CONVERSION = YES;
				GCC_WARN_ABOUT_RETURN_TYPE = YES_ERROR;
				GCC_WARN_UNDECLARED_SELECTOR = YES;
				GCC_WARN_UNINITIALIZED_AUTOS = YES_AGGRESSIVE;
				GCC_WARN_UNUSED_FUNCTION = YES;
				GCC_WARN_UNUSED_VARIABLE = YES;
				IPHONEOS_DEPLOYMENT_TARGET = 10.3;
				MTL_ENABLE_DEBUG_INFO = NO;
				SDKROOT = iphoneos;
				SWIFT_OPTIMIZATION_LEVEL = "-Owholemodule";
				VALIDATE_PRODUCT = YES;
			};
			name = Release;
		};
		F6A380BB1F3B22C60080BB87 /* Debug */ = {
			isa = XCBuildConfiguration;
			buildSettings = {
				ASSETCATALOG_COMPILER_APPICON_NAME = AppIcon;
				DEVELOPMENT_TEAM = MDX989Y6D8;
				INFOPLIST_FILE = "iOS animations/Info.plist";
				LD_RUNPATH_SEARCH_PATHS = "$(inherited) @executable_path/Frameworks";
				PRODUCT_BUNDLE_IDENTIFIER = "com.rep.iOS-animations";
				PRODUCT_NAME = "$(TARGET_NAME)";
				SWIFT_VERSION = 3.0;
			};
			name = Debug;
		};
		F6A380BC1F3B22C60080BB87 /* Release */ = {
			isa = XCBuildConfiguration;
			buildSettings = {
				ASSETCATALOG_COMPILER_APPICON_NAME = AppIcon;
				DEVELOPMENT_TEAM = MDX989Y6D8;
				INFOPLIST_FILE = "iOS animations/Info.plist";
				LD_RUNPATH_SEARCH_PATHS = "$(inherited) @executable_path/Frameworks";
				PRODUCT_BUNDLE_IDENTIFIER = "com.rep.iOS-animations";
				PRODUCT_NAME = "$(TARGET_NAME)";
				SWIFT_VERSION = 3.0;
			};
			name = Release;
		};
		F6A380BE1F3B22C60080BB87 /* Debug */ = {
			isa = XCBuildConfiguration;
			buildSettings = {
				ALWAYS_EMBED_SWIFT_STANDARD_LIBRARIES = YES;
				BUNDLE_LOADER = "$(TEST_HOST)";
				DEVELOPMENT_TEAM = MDX989Y6D8;
				INFOPLIST_FILE = "iOS animationsTests/Info.plist";
				LD_RUNPATH_SEARCH_PATHS = "$(inherited) @executable_path/Frameworks @loader_path/Frameworks";
				PRODUCT_BUNDLE_IDENTIFIER = "com.rep.iOS-animationsTests";
				PRODUCT_NAME = "$(TARGET_NAME)";
				SWIFT_VERSION = 3.0;
				TEST_HOST = "$(BUILT_PRODUCTS_DIR)/iOS animations.app/iOS animations";
			};
			name = Debug;
		};
		F6A380BF1F3B22C60080BB87 /* Release */ = {
			isa = XCBuildConfiguration;
			buildSettings = {
				ALWAYS_EMBED_SWIFT_STANDARD_LIBRARIES = YES;
				BUNDLE_LOADER = "$(TEST_HOST)";
				DEVELOPMENT_TEAM = MDX989Y6D8;
				INFOPLIST_FILE = "iOS animationsTests/Info.plist";
				LD_RUNPATH_SEARCH_PATHS = "$(inherited) @executable_path/Frameworks @loader_path/Frameworks";
				PRODUCT_BUNDLE_IDENTIFIER = "com.rep.iOS-animationsTests";
				PRODUCT_NAME = "$(TARGET_NAME)";
				SWIFT_VERSION = 3.0;
				TEST_HOST = "$(BUILT_PRODUCTS_DIR)/iOS animations.app/iOS animations";
			};
			name = Release;
		};
		F6A380C11F3B22C60080BB87 /* Debug */ = {
			isa = XCBuildConfiguration;
			buildSettings = {
				ALWAYS_EMBED_SWIFT_STANDARD_LIBRARIES = YES;
				DEVELOPMENT_TEAM = MDX989Y6D8;
				INFOPLIST_FILE = "iOS animationsUITests/Info.plist";
				LD_RUNPATH_SEARCH_PATHS = "$(inherited) @executable_path/Frameworks @loader_path/Frameworks";
				PRODUCT_BUNDLE_IDENTIFIER = "com.rep.iOS-animationsUITests";
				PRODUCT_NAME = "$(TARGET_NAME)";
				SWIFT_VERSION = 3.0;
				TEST_TARGET_NAME = "iOS animations";
			};
			name = Debug;
		};
		F6A380C21F3B22C60080BB87 /* Release */ = {
			isa = XCBuildConfiguration;
			buildSettings = {
				ALWAYS_EMBED_SWIFT_STANDARD_LIBRARIES = YES;
				DEVELOPMENT_TEAM = MDX989Y6D8;
				INFOPLIST_FILE = "iOS animationsUITests/Info.plist";
				LD_RUNPATH_SEARCH_PATHS = "$(inherited) @executable_path/Frameworks @loader_path/Frameworks";
				PRODUCT_BUNDLE_IDENTIFIER = "com.rep.iOS-animationsUITests";
				PRODUCT_NAME = "$(TARGET_NAME)";
				SWIFT_VERSION = 3.0;
				TEST_TARGET_NAME = "iOS animations";
			};
			name = Release;
		};
/* End XCBuildConfiguration section */

/* Begin XCConfigurationList section */
		F6A3808D1F3B22C60080BB87 /* Build configuration list for PBXProject "iOS animations" */ = {
			isa = XCConfigurationList;
			buildConfigurations = (
				F6A380B81F3B22C60080BB87 /* Debug */,
				F6A380B91F3B22C60080BB87 /* Release */,
			);
			defaultConfigurationIsVisible = 0;
			defaultConfigurationName = Release;
		};
		F6A380BA1F3B22C60080BB87 /* Build configuration list for PBXNativeTarget "iOS animations" */ = {
			isa = XCConfigurationList;
			buildConfigurations = (
				F6A380BB1F3B22C60080BB87 /* Debug */,
				F6A380BC1F3B22C60080BB87 /* Release */,
			);
			defaultConfigurationIsVisible = 0;
		};
		F6A380BD1F3B22C60080BB87 /* Build configuration list for PBXNativeTarget "iOS animationsTests" */ = {
			isa = XCConfigurationList;
			buildConfigurations = (
				F6A380BE1F3B22C60080BB87 /* Debug */,
				F6A380BF1F3B22C60080BB87 /* Release */,
			);
			defaultConfigurationIsVisible = 0;
		};
		F6A380C01F3B22C60080BB87 /* Build configuration list for PBXNativeTarget "iOS animationsUITests" */ = {
			isa = XCConfigurationList;
			buildConfigurations = (
				F6A380C11F3B22C60080BB87 /* Debug */,
				F6A380C21F3B22C60080BB87 /* Release */,
			);
			defaultConfigurationIsVisible = 0;
		};
/* End XCConfigurationList section */
	};
	rootObject = F6A3808A1F3B22C60080BB87 /* Project object */;
}
